
Microsoft Visual Studio Solution File, Format Version 12.00
# Visual Studio Version 17
VisualStudioVersion = 17.9.34728.123
MinimumVisualStudioVersion = 10.0.40219.1
Project("{FAE04EC0-301F-11D3-BF4B-00C04F79EFBC}") = "Resumebuilding Web", "Resumebuilding Web\Resumebuilding Web.csproj", "{3982B278-025A-44B5-9786-8EC6DDD2FC9E}"
EndProject
Global
	GlobalSection(SolutionConfigurationPlatforms) = preSolution
		Debug|Any CPU = Debug|Any CPU
		Release|Any CPU = Release|Any CPU
	EndGlobalSection
	GlobalSection(ProjectConfigurationPlatforms) = postSolution
		{3982B278-025A-44B5-9786-8EC6DDD2FC9E}.Debug|Any CPU.ActiveCfg = Debug|Any CPU
		{3982B278-025A-44B5-9786-8EC6DDD2FC9E}.Debug|Any CPU.Build.0 = Debug|Any CPU
		{3982B278-025A-44B5-9786-8EC6DDD2FC9E}.Release|Any CPU.ActiveCfg = Release|Any CPU
		{3982B278-025A-44B5-9786-8EC6DDD2FC9E}.Release|Any CPU.Build.0 = Release|Any CPU
	EndGlobalSection
	GlobalSection(SolutionProperties) = preSolution
		HideSolutionNode = FALSE
	EndGlobalSection
	GlobalSection(ExtensibilityGlobals) = postSolution
		SolutionGuid = {850A148B-76B3-422E-ACA1-610A0E366854}
	EndGlobalSection
EndGlobal
